
Microsoft Visual Studio Solution File, Format Version 12.00
# Visual Studio Version 17
VisualStudioVersion = 17.6.33829.357
MinimumVisualStudioVersion = 10.0.40219.1
Project("{FAE04EC0-301F-11D3-BF4B-00C04F79EFBC}") = "Bl.Framework.Azure.Messaging.ServiceBus", "Bl.Framework.Azure.Messaging.ServiceBus\Bl.Framework.Azure.Messaging.ServiceBus.csproj", "{F290570A-1CF3-4BA7-94CB-10D3FF80C84E}"
EndProject
Global
	GlobalSection(SolutionConfigurationPlatforms) = preSolution
		Debug|Any CPU = Debug|Any CPU
		Release|Any CPU = Release|Any CPU
	EndGlobalSection
	GlobalSection(ProjectConfigurationPlatforms) = postSolution
		{F290570A-1CF3-4BA7-94CB-10D3FF80C84E}.Debug|Any CPU.ActiveCfg = Debug|Any CPU
		{F290570A-1CF3-4BA7-94CB-10D3FF80C84E}.Debug|Any CPU.Build.0 = Debug|Any CPU
		{F290570A-1CF3-4BA7-94CB-10D3FF80C84E}.Release|Any CPU.ActiveCfg = Release|Any CPU
		{F290570A-1CF3-4BA7-94CB-10D3FF80C84E}.Release|Any CPU.Build.0 = Release|Any CPU
	EndGlobalSection
	GlobalSection(SolutionProperties) = preSolution
		HideSolutionNode = FALSE
	EndGlobalSection
	GlobalSection(ExtensibilityGlobals) = postSolution
		SolutionGuid = {D0080CBD-2357-46BB-BF90-22E1AECFD528}
	EndGlobalSection
EndGlobal
